
Microsoft Visual Studio Solution File, Format Version 12.00
# Visual Studio 15
VisualStudioVersion = 15.0.26124.0
MinimumVisualStudioVersion = 15.0.26124.0
Project("{2150E333-8FDC-42A3-9474-1A3956D46DE8}") = "src", "src", "{39724554-F0D9-4818-897D-32D7E7CB3234}"
EndProject
Project("{FAE04EC0-301F-11D3-BF4B-00C04F79EFBC}") = "MicroBootstrap", "src\MicroBootstrap\MicroBootstrap.csproj", "{14586A57-DCA5-46EB-8A0F-B574FE58BEC2}"
EndProject
Project("{2150E333-8FDC-42A3-9474-1A3956D46DE8}") = "samples", "samples", "{05183F92-2EBC-4B09-A0A9-000701BA4CE6}"
EndProject
Project("{2150E333-8FDC-42A3-9474-1A3956D46DE8}") = "Game-Microservices-Sample", "Game-Microservices-Sample", "{D7BE76AE-C115-4919-BAE1-B94DA1398681}"
EndProject
Project("{2150E333-8FDC-42A3-9474-1A3956D46DE8}") = "Game.APIGateway", "Game.APIGateway", "{F20E849A-6C14-43BD-860F-A161CB7DAFB2}"
EndProject
Project("{2150E333-8FDC-42A3-9474-1A3956D46DE8}") = "Game.Services.EventProcessor", "Game.Services.EventProcessor", "{F1A43B32-BA63-468D-9202-8B1F9BCE1BEA}"
EndProject
Project("{2150E333-8FDC-42A3-9474-1A3956D46DE8}") = "Game.Services.Messaging", "Game.Services.Messaging", "{41DBD2E4-9CFD-470F-A874-916E91A752C3}"
EndProject
Project("{2150E333-8FDC-42A3-9474-1A3956D46DE8}") = "Game.Services.EventProcessor.API", "Game.Services.EventProcessor.API", "{1DB177EA-5DE6-4561-A447-52AEBF8C61A5}"
EndProject
Project("{2150E333-8FDC-42A3-9474-1A3956D46DE8}") = "Game.Services.EventProcessor.Application", "Game.Services.EventProcessor.Application", "{E7F7F48D-94F0-4496-AC74-DBA08E3C70F8}"
EndProject
Project("{2150E333-8FDC-42A3-9474-1A3956D46DE8}") = "Game.Services.EventProcessor.Core", "Game.Services.EventProcessor.Core", "{04C28FF3-C25C-49CC-AF57-1635E3D3E9A1}"
EndProject
Project("{2150E333-8FDC-42A3-9474-1A3956D46DE8}") = "Game.Services.EventProcessor.Infrastructure", "Game.Services.EventProcessor.Infrastructure", "{850F7833-C25B-4CE0-9048-922D29C01331}"
EndProject
Project("{FAE04EC0-301F-11D3-BF4B-00C04F79EFBC}") = "Game.Services.EventProcessor.API", "samples\Game-Microservices-Sample\Game.Services.EventProcessor\src\Game.Services.EventProcessor.API\Game.Services.EventProcessor.API.csproj", "{89EE520A-CF78-4000-B4BF-E5D6D3EC648B}"
EndProject
Project("{FAE04EC0-301F-11D3-BF4B-00C04F79EFBC}") = "Game.Services.EventProcessor.Application", "samples\Game-Microservices-Sample\Game.Services.EventProcessor\src\Game.Services.EventProcessor.Application\Game.Services.EventProcessor.Application.csproj", "{7B0F55F4-29D7-41F0-B705-5A66B9F52ED8}"
EndProject
Project("{FAE04EC0-301F-11D3-BF4B-00C04F79EFBC}") = "Game.Services.EventProcessor.Core", "samples\Game-Microservices-Sample\Game.Services.EventProcessor\src\Game.Services.EventProcessor.Core\Game.Services.EventProcessor.Core.csproj", "{8C2843A2-08DA-4CCD-B6F1-B1593656B059}"
EndProject
Project("{FAE04EC0-301F-11D3-BF4B-00C04F79EFBC}") = "Game.Services.EventProcessor.Infrastructure", "samples\Game-Microservices-Sample\Game.Services.EventProcessor\src\Game.Services.EventProcessor.Infrastructure\Game.Services.EventProcessor.Infrastructure.csproj", "{DE088901-2E41-4B7B-A330-339EFCEA67B4}"
EndProject
Project("{FAE04EC0-301F-11D3-BF4B-00C04F79EFBC}") = "Game.API", "samples\Game-Microservices-Sample\Game.APIGateway\src\Game.API\Game.API.csproj", "{B8C6DCA7-087C-4D5C-BC71-01F32CD41683}"
EndProject
Project("{2150E333-8FDC-42A3-9474-1A3956D46DE8}") = "Game.Services.Messaging.API", "Game.Services.Messaging.API", "{D1936FB1-FF8C-4E3D-9565-99EB79792B6F}"
EndProject
Project("{2150E333-8FDC-42A3-9474-1A3956D46DE8}") = "Game.Services.Messaging.Application", "Game.Services.Messaging.Application", "{1E1AAB7C-8D19-4E07-A75A-D880F8498661}"
EndProject
Project("{2150E333-8FDC-42A3-9474-1A3956D46DE8}") = "Game.Services.Messaging.Core", "Game.Services.Messaging.Core", "{617E5B66-C9A1-45BA-B406-A9FC23E255DC}"
EndProject
Project("{2150E333-8FDC-42A3-9474-1A3956D46DE8}") = "Game.Services.Messaging.Infrastructure", "Game.Services.Messaging.Infrastructure", "{BF9A942C-D6BE-47B2-8BF0-B7418B7AD27F}"
EndProject
Project("{FAE04EC0-301F-11D3-BF4B-00C04F79EFBC}") = "Game.Services.Messaging.API", "samples\Game-Microservices-Sample\Game.Services.Messaging\src\Game.Services.Messaging.API\Game.Services.Messaging.API.csproj", "{1D0A0D38-8544-45C7-B7DA-E55E4A06447A}"
EndProject
Project("{FAE04EC0-301F-11D3-BF4B-00C04F79EFBC}") = "Game.Services.Messaging.Application", "samples\Game-Microservices-Sample\Game.Services.Messaging\src\Game.Services.Messaging.Application\Game.Services.Messaging.Application.csproj", "{2CC5C0A8-FA63-4887-A7F0-29ECF8FE704F}"
EndProject
Project("{FAE04EC0-301F-11D3-BF4B-00C04F79EFBC}") = "Game.Services.Messaging.Core", "samples\Game-Microservices-Sample\Game.Services.Messaging\src\Game.Services.Messaging.Core\Game.Services.Messaging.Core.csproj", "{65808D9F-146D-43FB-9E0E-FCA0C8545172}"
EndProject
Project("{FAE04EC0-301F-11D3-BF4B-00C04F79EFBC}") = "Game.Services.Messaging.Infrastructure", "samples\Game-Microservices-Sample\Game.Services.Messaging\src\Game.Services.Messaging.Infrastructure\Game.Services.Messaging.Infrastructure.csproj", "{8A266F9C-C372-4CB2-867D-A60E706A1A3C}"
EndProject
Global
	GlobalSection(SolutionConfigurationPlatforms) = preSolution
		Debug|Any CPU = Debug|Any CPU
		Debug|x64 = Debug|x64
		Debug|x86 = Debug|x86
		Release|Any CPU = Release|Any CPU
		Release|x64 = Release|x64
		Release|x86 = Release|x86
	EndGlobalSection
	GlobalSection(SolutionProperties) = preSolution
		HideSolutionNode = FALSE
	EndGlobalSection
	GlobalSection(ProjectConfigurationPlatforms) = postSolution
		{14586A57-DCA5-46EB-8A0F-B574FE58BEC2}.Debug|Any CPU.ActiveCfg = Debug|Any CPU
		{14586A57-DCA5-46EB-8A0F-B574FE58BEC2}.Debug|Any CPU.Build.0 = Debug|Any CPU
		{14586A57-DCA5-46EB-8A0F-B574FE58BEC2}.Debug|x64.ActiveCfg = Debug|Any CPU
		{14586A57-DCA5-46EB-8A0F-B574FE58BEC2}.Debug|x64.Build.0 = Debug|Any CPU
		{14586A57-DCA5-46EB-8A0F-B574FE58BEC2}.Debug|x86.ActiveCfg = Debug|Any CPU
		{14586A57-DCA5-46EB-8A0F-B574FE58BEC2}.Debug|x86.Build.0 = Debug|Any CPU
		{14586A57-DCA5-46EB-8A0F-B574FE58BEC2}.Release|Any CPU.ActiveCfg = Release|Any CPU
		{14586A57-DCA5-46EB-8A0F-B574FE58BEC2}.Release|Any CPU.Build.0 = Release|Any CPU
		{14586A57-DCA5-46EB-8A0F-B574FE58BEC2}.Release|x64.ActiveCfg = Release|Any CPU
		{14586A57-DCA5-46EB-8A0F-B574FE58BEC2}.Release|x64.Build.0 = Release|Any CPU
		{14586A57-DCA5-46EB-8A0F-B574FE58BEC2}.Release|x86.ActiveCfg = Release|Any CPU
		{14586A57-DCA5-46EB-8A0F-B574FE58BEC2}.Release|x86.Build.0 = Release|Any CPU
		{89EE520A-CF78-4000-B4BF-E5D6D3EC648B}.Debug|Any CPU.ActiveCfg = Debug|Any CPU
		{89EE520A-CF78-4000-B4BF-E5D6D3EC648B}.Debug|Any CPU.Build.0 = Debug|Any CPU
		{89EE520A-CF78-4000-B4BF-E5D6D3EC648B}.Debug|x64.ActiveCfg = Debug|Any CPU
		{89EE520A-CF78-4000-B4BF-E5D6D3EC648B}.Debug|x64.Build.0 = Debug|Any CPU
		{89EE520A-CF78-4000-B4BF-E5D6D3EC648B}.Debug|x86.ActiveCfg = Debug|Any CPU
		{89EE520A-CF78-4000-B4BF-E5D6D3EC648B}.Debug|x86.Build.0 = Debug|Any CPU
		{89EE520A-CF78-4000-B4BF-E5D6D3EC648B}.Release|Any CPU.ActiveCfg = Release|Any CPU
		{89EE520A-CF78-4000-B4BF-E5D6D3EC648B}.Release|Any CPU.Build.0 = Release|Any CPU
		{89EE520A-CF78-4000-B4BF-E5D6D3EC648B}.Release|x64.ActiveCfg = Release|Any CPU
		{89EE520A-CF78-4000-B4BF-E5D6D3EC648B}.Release|x64.Build.0 = Release|Any CPU
		{89EE520A-CF78-4000-B4BF-E5D6D3EC648B}.Release|x86.ActiveCfg = Release|Any CPU
		{89EE520A-CF78-4000-B4BF-E5D6D3EC648B}.Release|x86.Build.0 = Release|Any CPU
		{7B0F55F4-29D7-41F0-B705-5A66B9F52ED8}.Debug|Any CPU.ActiveCfg = Debug|Any CPU
		{7B0F55F4-29D7-41F0-B705-5A66B9F52ED8}.Debug|Any CPU.Build.0 = Debug|Any CPU
		{7B0F55F4-29D7-41F0-B705-5A66B9F52ED8}.Debug|x64.ActiveCfg = Debug|Any CPU
		{7B0F55F4-29D7-41F0-B705-5A66B9F52ED8}.Debug|x64.Build.0 = Debug|Any CPU
		{7B0F55F4-29D7-41F0-B705-5A66B9F52ED8}.Debug|x86.ActiveCfg = Debug|Any CPU
		{7B0F55F4-29D7-41F0-B705-5A66B9F52ED8}.Debug|x86.Build.0 = Debug|Any CPU
		{7B0F55F4-29D7-41F0-B705-5A66B9F52ED8}.Release|Any CPU.ActiveCfg = Release|Any CPU
		{7B0F55F4-29D7-41F0-B705-5A66B9F52ED8}.Release|Any CPU.Build.0 = Release|Any CPU
		{7B0F55F4-29D7-41F0-B705-5A66B9F52ED8}.Release|x64.ActiveCfg = Release|Any CPU
		{7B0F55F4-29D7-41F0-B705-5A66B9F52ED8}.Release|x64.Build.0 = Release|Any CPU
		{7B0F55F4-29D7-41F0-B705-5A66B9F52ED8}.Release|x86.ActiveCfg = Release|Any CPU
		{7B0F55F4-29D7-41F0-B705-5A66B9F52ED8}.Release|x86.Build.0 = Release|Any CPU
		{8C2843A2-08DA-4CCD-B6F1-B1593656B059}.Debug|Any CPU.ActiveCfg = Debug|Any CPU
		{8C2843A2-08DA-4CCD-B6F1-B1593656B059}.Debug|Any CPU.Build.0 = Debug|Any CPU
		{8C2843A2-08DA-4CCD-B6F1-B1593656B059}.Debug|x64.ActiveCfg = Debug|Any CPU
		{8C2843A2-08DA-4CCD-B6F1-B1593656B059}.Debug|x64.Build.0 = Debug|Any CPU
		{8C2843A2-08DA-4CCD-B6F1-B1593656B059}.Debug|x86.ActiveCfg = Debug|Any CPU
		{8C2843A2-08DA-4CCD-B6F1-B1593656B059}.Debug|x86.Build.0 = Debug|Any CPU
		{8C2843A2-08DA-4CCD-B6F1-B1593656B059}.Release|Any CPU.ActiveCfg = Release|Any CPU
		{8C2843A2-08DA-4CCD-B6F1-B1593656B059}.Release|Any CPU.Build.0 = Release|Any CPU
		{8C2843A2-08DA-4CCD-B6F1-B1593656B059}.Release|x64.ActiveCfg = Release|Any CPU
		{8C2843A2-08DA-4CCD-B6F1-B1593656B059}.Release|x64.Build.0 = Release|Any CPU
		{8C2843A2-08DA-4CCD-B6F1-B1593656B059}.Release|x86.ActiveCfg = Release|Any CPU
		{8C2843A2-08DA-4CCD-B6F1-B1593656B059}.Release|x86.Build.0 = Release|Any CPU
		{DE088901-2E41-4B7B-A330-339EFCEA67B4}.Debug|Any CPU.ActiveCfg = Debug|Any CPU
		{DE088901-2E41-4B7B-A330-339EFCEA67B4}.Debug|Any CPU.Build.0 = Debug|Any CPU
		{DE088901-2E41-4B7B-A330-339EFCEA67B4}.Debug|x64.ActiveCfg = Debug|Any CPU
		{DE088901-2E41-4B7B-A330-339EFCEA67B4}.Debug|x64.Build.0 = Debug|Any CPU
		{DE088901-2E41-4B7B-A330-339EFCEA67B4}.Debug|x86.ActiveCfg = Debug|Any CPU
		{DE088901-2E41-4B7B-A330-339EFCEA67B4}.Debug|x86.Build.0 = Debug|Any CPU
		{DE088901-2E41-4B7B-A330-339EFCEA67B4}.Release|Any CPU.ActiveCfg = Release|Any CPU
		{DE088901-2E41-4B7B-A330-339EFCEA67B4}.Release|Any CPU.Build.0 = Release|Any CPU
		{DE088901-2E41-4B7B-A330-339EFCEA67B4}.Release|x64.ActiveCfg = Release|Any CPU
		{DE088901-2E41-4B7B-A330-339EFCEA67B4}.Release|x64.Build.0 = Release|Any CPU
		{DE088901-2E41-4B7B-A330-339EFCEA67B4}.Release|x86.ActiveCfg = Release|Any CPU
		{DE088901-2E41-4B7B-A330-339EFCEA67B4}.Release|x86.Build.0 = Release|Any CPU
		{B8C6DCA7-087C-4D5C-BC71-01F32CD41683}.Debug|Any CPU.ActiveCfg = Debug|Any CPU
		{B8C6DCA7-087C-4D5C-BC71-01F32CD41683}.Debug|Any CPU.Build.0 = Debug|Any CPU
		{B8C6DCA7-087C-4D5C-BC71-01F32CD41683}.Debug|x64.ActiveCfg = Debug|Any CPU
		{B8C6DCA7-087C-4D5C-BC71-01F32CD41683}.Debug|x64.Build.0 = Debug|Any CPU
		{B8C6DCA7-087C-4D5C-BC71-01F32CD41683}.Debug|x86.ActiveCfg = Debug|Any CPU
		{B8C6DCA7-087C-4D5C-BC71-01F32CD41683}.Debug|x86.Build.0 = Debug|Any CPU
		{B8C6DCA7-087C-4D5C-BC71-01F32CD41683}.Release|Any CPU.ActiveCfg = Release|Any CPU
		{B8C6DCA7-087C-4D5C-BC71-01F32CD41683}.Release|Any CPU.Build.0 = Release|Any CPU
		{B8C6DCA7-087C-4D5C-BC71-01F32CD41683}.Release|x64.ActiveCfg = Release|Any CPU
		{B8C6DCA7-087C-4D5C-BC71-01F32CD41683}.Release|x64.Build.0 = Release|Any CPU
		{B8C6DCA7-087C-4D5C-BC71-01F32CD41683}.Release|x86.ActiveCfg = Release|Any CPU
		{B8C6DCA7-087C-4D5C-BC71-01F32CD41683}.Release|x86.Build.0 = Release|Any CPU
		{1D0A0D38-8544-45C7-B7DA-E55E4A06447A}.Debug|Any CPU.ActiveCfg = Debug|Any CPU
		{1D0A0D38-8544-45C7-B7DA-E55E4A06447A}.Debug|Any CPU.Build.0 = Debug|Any CPU
		{1D0A0D38-8544-45C7-B7DA-E55E4A06447A}.Debug|x64.ActiveCfg = Debug|Any CPU
		{1D0A0D38-8544-45C7-B7DA-E55E4A06447A}.Debug|x64.Build.0 = Debug|Any CPU
		{1D0A0D38-8544-45C7-B7DA-E55E4A06447A}.Debug|x86.ActiveCfg = Debug|Any CPU
		{1D0A0D38-8544-45C7-B7DA-E55E4A06447A}.Debug|x86.Build.0 = Debug|Any CPU
		{1D0A0D38-8544-45C7-B7DA-E55E4A06447A}.Release|Any CPU.ActiveCfg = Release|Any CPU
		{1D0A0D38-8544-45C7-B7DA-E55E4A06447A}.Release|Any CPU.Build.0 = Release|Any CPU
		{1D0A0D38-8544-45C7-B7DA-E55E4A06447A}.Release|x64.ActiveCfg = Release|Any CPU
		{1D0A0D38-8544-45C7-B7DA-E55E4A06447A}.Release|x64.Build.0 = Release|Any CPU
		{1D0A0D38-8544-45C7-B7DA-E55E4A06447A}.Release|x86.ActiveCfg = Release|Any CPU
		{1D0A0D38-8544-45C7-B7DA-E55E4A06447A}.Release|x86.Build.0 = Release|Any CPU
		{2CC5C0A8-FA63-4887-A7F0-29ECF8FE704F}.Debug|Any CPU.ActiveCfg = Debug|Any CPU
		{2CC5C0A8-FA63-4887-A7F0-29ECF8FE704F}.Debug|Any CPU.Build.0 = Debug|Any CPU
		{2CC5C0A8-FA63-4887-A7F0-29ECF8FE704F}.Debug|x64.ActiveCfg = Debug|Any CPU
		{2CC5C0A8-FA63-4887-A7F0-29ECF8FE704F}.Debug|x64.Build.0 = Debug|Any CPU
		{2CC5C0A8-FA63-4887-A7F0-29ECF8FE704F}.Debug|x86.ActiveCfg = Debug|Any CPU
		{2CC5C0A8-FA63-4887-A7F0-29ECF8FE704F}.Debug|x86.Build.0 = Debug|Any CPU
		{2CC5C0A8-FA63-4887-A7F0-29ECF8FE704F}.Release|Any CPU.ActiveCfg = Release|Any CPU
		{2CC5C0A8-FA63-4887-A7F0-29ECF8FE704F}.Release|Any CPU.Build.0 = Release|Any CPU
		{2CC5C0A8-FA63-4887-A7F0-29ECF8FE704F}.Release|x64.ActiveCfg = Release|Any CPU
		{2CC5C0A8-FA63-4887-A7F0-29ECF8FE704F}.Release|x64.Build.0 = Release|Any CPU
		{2CC5C0A8-FA63-4887-A7F0-29ECF8FE704F}.Release|x86.ActiveCfg = Release|Any CPU
		{2CC5C0A8-FA63-4887-A7F0-29ECF8FE704F}.Release|x86.Build.0 = Release|Any CPU
		{65808D9F-146D-43FB-9E0E-FCA0C8545172}.Debug|Any CPU.ActiveCfg = Debug|Any CPU
		{65808D9F-146D-43FB-9E0E-FCA0C8545172}.Debug|Any CPU.Build.0 = Debug|Any CPU
		{65808D9F-146D-43FB-9E0E-FCA0C8545172}.Debug|x64.ActiveCfg = Debug|Any CPU
		{65808D9F-146D-43FB-9E0E-FCA0C8545172}.Debug|x64.Build.0 = Debug|Any CPU
		{65808D9F-146D-43FB-9E0E-FCA0C8545172}.Debug|x86.ActiveCfg = Debug|Any CPU
		{65808D9F-146D-43FB-9E0E-FCA0C8545172}.Debug|x86.Build.0 = Debug|Any CPU
		{65808D9F-146D-43FB-9E0E-FCA0C8545172}.Release|Any CPU.ActiveCfg = Release|Any CPU
		{65808D9F-146D-43FB-9E0E-FCA0C8545172}.Release|Any CPU.Build.0 = Release|Any CPU
		{65808D9F-146D-43FB-9E0E-FCA0C8545172}.Release|x64.ActiveCfg = Release|Any CPU
		{65808D9F-146D-43FB-9E0E-FCA0C8545172}.Release|x64.Build.0 = Release|Any CPU
		{65808D9F-146D-43FB-9E0E-FCA0C8545172}.Release|x86.ActiveCfg = Release|Any CPU
		{65808D9F-146D-43FB-9E0E-FCA0C8545172}.Release|x86.Build.0 = Release|Any CPU
		{8A266F9C-C372-4CB2-867D-A60E706A1A3C}.Debug|Any CPU.ActiveCfg = Debug|Any CPU
		{8A266F9C-C372-4CB2-867D-A60E706A1A3C}.Debug|Any CPU.Build.0 = Debug|Any CPU
		{8A266F9C-C372-4CB2-867D-A60E706A1A3C}.Debug|x64.ActiveCfg = Debug|Any CPU
		{8A266F9C-C372-4CB2-867D-A60E706A1A3C}.Debug|x64.Build.0 = Debug|Any CPU
		{8A266F9C-C372-4CB2-867D-A60E706A1A3C}.Debug|x86.ActiveCfg = Debug|Any CPU
		{8A266F9C-C372-4CB2-867D-A60E706A1A3C}.Debug|x86.Build.0 = Debug|Any CPU
		{8A266F9C-C372-4CB2-867D-A60E706A1A3C}.Release|Any CPU.ActiveCfg = Release|Any CPU
		{8A266F9C-C372-4CB2-867D-A60E706A1A3C}.Release|Any CPU.Build.0 = Release|Any CPU
		{8A266F9C-C372-4CB2-867D-A60E706A1A3C}.Release|x64.ActiveCfg = Release|Any CPU
		{8A266F9C-C372-4CB2-867D-A60E706A1A3C}.Release|x64.Build.0 = Release|Any CPU
		{8A266F9C-C372-4CB2-867D-A60E706A1A3C}.Release|x86.ActiveCfg = Release|Any CPU
		{8A266F9C-C372-4CB2-867D-A60E706A1A3C}.Release|x86.Build.0 = Release|Any CPU
	EndGlobalSection
	GlobalSection(NestedProjects) = preSolution
		{14586A57-DCA5-46EB-8A0F-B574FE58BEC2} = {39724554-F0D9-4818-897D-32D7E7CB3234}
		{D7BE76AE-C115-4919-BAE1-B94DA1398681} = {05183F92-2EBC-4B09-A0A9-000701BA4CE6}
		{F20E849A-6C14-43BD-860F-A161CB7DAFB2} = {D7BE76AE-C115-4919-BAE1-B94DA1398681}
		{F1A43B32-BA63-468D-9202-8B1F9BCE1BEA} = {D7BE76AE-C115-4919-BAE1-B94DA1398681}
		{41DBD2E4-9CFD-470F-A874-916E91A752C3} = {D7BE76AE-C115-4919-BAE1-B94DA1398681}
		{1DB177EA-5DE6-4561-A447-52AEBF8C61A5} = {F1A43B32-BA63-468D-9202-8B1F9BCE1BEA}
		{E7F7F48D-94F0-4496-AC74-DBA08E3C70F8} = {F1A43B32-BA63-468D-9202-8B1F9BCE1BEA}
		{04C28FF3-C25C-49CC-AF57-1635E3D3E9A1} = {F1A43B32-BA63-468D-9202-8B1F9BCE1BEA}
		{850F7833-C25B-4CE0-9048-922D29C01331} = {F1A43B32-BA63-468D-9202-8B1F9BCE1BEA}
		{89EE520A-CF78-4000-B4BF-E5D6D3EC648B} = {1DB177EA-5DE6-4561-A447-52AEBF8C61A5}
		{7B0F55F4-29D7-41F0-B705-5A66B9F52ED8} = {E7F7F48D-94F0-4496-AC74-DBA08E3C70F8}
		{8C2843A2-08DA-4CCD-B6F1-B1593656B059} = {04C28FF3-C25C-49CC-AF57-1635E3D3E9A1}
		{DE088901-2E41-4B7B-A330-339EFCEA67B4} = {850F7833-C25B-4CE0-9048-922D29C01331}
		{B8C6DCA7-087C-4D5C-BC71-01F32CD41683} = {F20E849A-6C14-43BD-860F-A161CB7DAFB2}
		{D1936FB1-FF8C-4E3D-9565-99EB79792B6F} = {41DBD2E4-9CFD-470F-A874-916E91A752C3}
		{1E1AAB7C-8D19-4E07-A75A-D880F8498661} = {41DBD2E4-9CFD-470F-A874-916E91A752C3}
		{617E5B66-C9A1-45BA-B406-A9FC23E255DC} = {41DBD2E4-9CFD-470F-A874-916E91A752C3}
		{BF9A942C-D6BE-47B2-8BF0-B7418B7AD27F} = {41DBD2E4-9CFD-470F-A874-916E91A752C3}
		{1D0A0D38-8544-45C7-B7DA-E55E4A06447A} = {D1936FB1-FF8C-4E3D-9565-99EB79792B6F}
		{2CC5C0A8-FA63-4887-A7F0-29ECF8FE704F} = {1E1AAB7C-8D19-4E07-A75A-D880F8498661}
		{65808D9F-146D-43FB-9E0E-FCA0C8545172} = {617E5B66-C9A1-45BA-B406-A9FC23E255DC}
		{8A266F9C-C372-4CB2-867D-A60E706A1A3C} = {BF9A942C-D6BE-47B2-8BF0-B7418B7AD27F}
	EndGlobalSection
EndGlobal
